
Microsoft Visual Studio Solution File, Format Version 12.00
# Visual Studio 15
VisualStudioVersion = 15.0.27428.2043
MinimumVisualStudioVersion = 10.0.40219.1
Project("{FAE04EC0-301F-11D3-BF4B-00C04F79EFBC}") = "BroadwayEnglishSchoolTimetable", "BroadwayEnglishSchoolTimetable\BroadwayEnglishSchoolTimetable.csproj", "{720C03A5-9B51-4D33-B69E-2E8A46674D41}"
EndProject
Project("{FAE04EC0-301F-11D3-BF4B-00C04F79EFBC}") = "DataAccessLayer", "DataAccessLayer\DataAccessLayer.csproj", "{222BB7F7-272A-4A2E-8D23-68B8099508D4}"
EndProject
Project("{FAE04EC0-301F-11D3-BF4B-00C04F79EFBC}") = "BusinessLogicLayer", "BusinessLogicLayer\BusinessLogicLayer.csproj", "{5E73DFBA-65F8-4EAB-A36B-E0F9A3707C83}"
EndProject
Global
	GlobalSection(SolutionConfigurationPlatforms) = preSolution
		Debug|Any CPU = Debug|Any CPU
		Release|Any CPU = Release|Any CPU
	EndGlobalSection
	GlobalSection(ProjectConfigurationPlatforms) = postSolution
		{720C03A5-9B51-4D33-B69E-2E8A46674D41}.Debug|Any CPU.ActiveCfg = Debug|Any CPU
		{720C03A5-9B51-4D33-B69E-2E8A46674D41}.Debug|Any CPU.Build.0 = Debug|Any CPU
		{720C03A5-9B51-4D33-B69E-2E8A46674D41}.Release|Any CPU.ActiveCfg = Release|Any CPU
		{720C03A5-9B51-4D33-B69E-2E8A46674D41}.Release|Any CPU.Build.0 = Release|Any CPU
		{222BB7F7-272A-4A2E-8D23-68B8099508D4}.Debug|Any CPU.ActiveCfg = Debug|Any CPU
		{222BB7F7-272A-4A2E-8D23-68B8099508D4}.Debug|Any CPU.Build.0 = Debug|Any CPU
		{222BB7F7-272A-4A2E-8D23-68B8099508D4}.Release|Any CPU.ActiveCfg = Release|Any CPU
		{222BB7F7-272A-4A2E-8D23-68B8099508D4}.Release|Any CPU.Build.0 = Release|Any CPU
		{5E73DFBA-65F8-4EAB-A36B-E0F9A3707C83}.Debug|Any CPU.ActiveCfg = Debug|Any CPU
		{5E73DFBA-65F8-4EAB-A36B-E0F9A3707C83}.Debug|Any CPU.Build.0 = Debug|Any CPU
		{5E73DFBA-65F8-4EAB-A36B-E0F9A3707C83}.Release|Any CPU.ActiveCfg = Release|Any CPU
		{5E73DFBA-65F8-4EAB-A36B-E0F9A3707C83}.Release|Any CPU.Build.0 = Release|Any CPU
	EndGlobalSection
	GlobalSection(SolutionProperties) = preSolution
		HideSolutionNode = FALSE
	EndGlobalSection
	GlobalSection(ExtensibilityGlobals) = postSolution
		SolutionGuid = {DB9FC704-9C08-437E-8D27-B029467AFEA6}
	EndGlobalSection
EndGlobal
